
Microsoft Visual Studio Solution File, Format Version 12.00
# Visual Studio Version 17
VisualStudioVersion = 17.5.33516.290
MinimumVisualStudioVersion = 10.0.40219.1
Project("{9A19103F-16F7-4668-BE54-9A1E7A4F7556}") = "BulkyWeb", "BulkyWeb\BulkyWeb.csproj", "{B82B9133-ED68-4B6A-BFEC-4F91F9A134CA}"
EndProject
Project("{FAE04EC0-301F-11D3-BF4B-00C04F79EFBC}") = "Bulky.DataAccess", "Bulky.DataAccess\Bulky.DataAccess.csproj", "{EBA00734-926D-4233-A417-C707472DFE73}"
EndProject
Project("{FAE04EC0-301F-11D3-BF4B-00C04F79EFBC}") = "BulkyModels", "BulkyModels\BulkyModels.csproj", "{41D36A0C-7F57-4ACC-8949-2FF20EC8EC3C}"
EndProject
Project("{FAE04EC0-301F-11D3-BF4B-00C04F79EFBC}") = "Bulky.Utility", "Bulky.Utility\Bulky.Utility.csproj", "{FB620B49-2235-4202-94F4-096E5AFE8BAF}"
EndProject
Global
	GlobalSection(SolutionConfigurationPlatforms) = preSolution
		Debug|Any CPU = Debug|Any CPU
		Release|Any CPU = Release|Any CPU
	EndGlobalSection
	GlobalSection(ProjectConfigurationPlatforms) = postSolution
		{B82B9133-ED68-4B6A-BFEC-4F91F9A134CA}.Debug|Any CPU.ActiveCfg = Debug|Any CPU
		{B82B9133-ED68-4B6A-BFEC-4F91F9A134CA}.Debug|Any CPU.Build.0 = Debug|Any CPU
		{B82B9133-ED68-4B6A-BFEC-4F91F9A134CA}.Release|Any CPU.ActiveCfg = Release|Any CPU
		{B82B9133-ED68-4B6A-BFEC-4F91F9A134CA}.Release|Any CPU.Build.0 = Release|Any CPU
		{EBA00734-926D-4233-A417-C707472DFE73}.Debug|Any CPU.ActiveCfg = Debug|Any CPU
		{EBA00734-926D-4233-A417-C707472DFE73}.Debug|Any CPU.Build.0 = Debug|Any CPU
		{EBA00734-926D-4233-A417-C707472DFE73}.Release|Any CPU.ActiveCfg = Release|Any CPU
		{EBA00734-926D-4233-A417-C707472DFE73}.Release|Any CPU.Build.0 = Release|Any CPU
		{41D36A0C-7F57-4ACC-8949-2FF20EC8EC3C}.Debug|Any CPU.ActiveCfg = Debug|Any CPU
		{41D36A0C-7F57-4ACC-8949-2FF20EC8EC3C}.Debug|Any CPU.Build.0 = Debug|Any CPU
		{41D36A0C-7F57-4ACC-8949-2FF20EC8EC3C}.Release|Any CPU.ActiveCfg = Release|Any CPU
		{41D36A0C-7F57-4ACC-8949-2FF20EC8EC3C}.Release|Any CPU.Build.0 = Release|Any CPU
		{FB620B49-2235-4202-94F4-096E5AFE8BAF}.Debug|Any CPU.ActiveCfg = Debug|Any CPU
		{FB620B49-2235-4202-94F4-096E5AFE8BAF}.Debug|Any CPU.Build.0 = Debug|Any CPU
		{FB620B49-2235-4202-94F4-096E5AFE8BAF}.Release|Any CPU.ActiveCfg = Release|Any CPU
		{FB620B49-2235-4202-94F4-096E5AFE8BAF}.Release|Any CPU.Build.0 = Release|Any CPU
	EndGlobalSection
	GlobalSection(SolutionProperties) = preSolution
		HideSolutionNode = FALSE
	EndGlobalSection
	GlobalSection(ExtensibilityGlobals) = postSolution
		SolutionGuid = {B1CF08ED-3A13-4DCE-9D5E-B1FBA4885223}
	EndGlobalSection
EndGlobal
